Microsoft Visual Studio Solution File, Format Version 12.00
# Visual Studio Version 17
VisualStudioVersion = 17.5.2.0
MinimumVisualStudioVersion = 10.0.40219.1
Project("{FAE04EC0-301F-11D3-BF4B-00C04F79EFBC}") = "INGGoldenSelect", "INGGoldenSelect.csproj", "{A3C157E1-3FFC-13AA-F937-F76530238E9B}"
EndProject
Global
	GlobalSection(SolutionConfigurationPlatforms) = preSolution
		Debug|Any CPU = Debug|Any CPU
		Release|Any CPU = Release|Any CPU
	EndGlobalSection
	GlobalSection(ProjectConfigurationPlatforms) = postSolution
		{A3C157E1-3FFC-13AA-F937-F76530238E9B}.Debug|Any CPU.ActiveCfg = Debug|Any CPU
		{A3C157E1-3FFC-13AA-F937-F76530238E9B}.Debug|Any CPU.Build.0 = Debug|Any CPU
		{A3C157E1-3FFC-13AA-F937-F76530238E9B}.Release|Any CPU.ActiveCfg = Release|Any CPU
		{A3C157E1-3FFC-13AA-F937-F76530238E9B}.Release|Any CPU.Build.0 = Release|Any CPU
	EndGlobalSection
	GlobalSection(SolutionProperties) = preSolution
		HideSolutionNode = FALSE
	EndGlobalSection
	GlobalSection(ExtensibilityGlobals) = postSolution
		SolutionGuid = {67C8427B-023C-4DD7-9C60-B7938AA27D93}
	EndGlobalSection
EndGlobal
